
Microsoft Visual Studio Solution File, Format Version 12.00
# Visual Studio 14
VisualStudioVersion = 14.0.25123.0
MinimumVisualStudioVersion = 10.0.40219.1
Project("{FAE04EC0-301F-11D3-BF4B-00C04F79EFBC}") = "YouTube Downloader", "YouTube Downloader\YouTube Downloader.csproj", "{47DDFB4C-45F8-40A4-9562-F04D3B67F547}"
EndProject
Project("{FAE04EC0-301F-11D3-BF4B-00C04F79EFBC}") = "YouTube Downloader DLL", "YouTube Downloader DLL\YouTube Downloader DLL.csproj", "{36524AD6-8987-4D78-812F-177972F4908F}"
EndProject
Project("{2150E333-8FDC-42A3-9474-1A3956D46DE8}") = ".nuget", ".nuget", "{1B423136-456C-4A1E-A273-E16BC48261BD}"
	ProjectSection(SolutionItems) = preProject
		.nuget\NuGet.Config = .nuget\NuGet.Config
		.nuget\NuGet.exe = .nuget\NuGet.exe
		.nuget\NuGet.targets = .nuget\NuGet.targets
	EndProjectSection
EndProject
Global
	GlobalSection(SolutionConfigurationPlatforms) = preSolution
		Debug|Any CPU = Debug|Any CPU
		Release|Any CPU = Release|Any CPU
	EndGlobalSection
	GlobalSection(ProjectConfigurationPlatforms) = postSolution
		{47DDFB4C-45F8-40A4-9562-F04D3B67F547}.Debug|Any CPU.ActiveCfg = Debug|Any CPU
		{47DDFB4C-45F8-40A4-9562-F04D3B67F547}.Debug|Any CPU.Build.0 = Debug|Any CPU
		{47DDFB4C-45F8-40A4-9562-F04D3B67F547}.Release|Any CPU.ActiveCfg = Release|Any CPU
		{47DDFB4C-45F8-40A4-9562-F04D3B67F547}.Release|Any CPU.Build.0 = Release|Any CPU
		{36524AD6-8987-4D78-812F-177972F4908F}.Debug|Any CPU.ActiveCfg = Debug|Any CPU
		{36524AD6-8987-4D78-812F-177972F4908F}.Debug|Any CPU.Build.0 = Debug|Any CPU
		{36524AD6-8987-4D78-812F-177972F4908F}.Release|Any CPU.ActiveCfg = Release|Any CPU
		{36524AD6-8987-4D78-812F-177972F4908F}.Release|Any CPU.Build.0 = Release|Any CPU
	EndGlobalSection
	GlobalSection(SolutionProperties) = preSolution
		HideSolutionNode = FALSE
	EndGlobalSection
EndGlobal
